
Microsoft Visual Studio Solution File, Format Version 12.00
# Visual Studio Version 17
VisualStudioVersion = 17.2.32630.192
MinimumVisualStudioVersion = 10.0.40219.1
Project("{9A19103F-16F7-4668-BE54-9A1E7A4F7556}") = "DownWithTheTodoList.Core", "DownWithTheTodoList.Core\DownWithTheTodoList.Core.csproj", "{D2287DF1-0673-4F8F-BFF0-31DB87C2AA94}"
EndProject
Project("{2150E333-8FDC-42A3-9474-1A3956D46DE8}") = "Testing", "Testing", "{9ECA0C7C-6E55-45A9-88EF-C9B7BC8BED0D}"
EndProject
Project("{9A19103F-16F7-4668-BE54-9A1E7A4F7556}") = "DownWithTheTodoList.Ms.Tasks.Unit.Tests", "DownWithTheTodoList.Ms.Tasks.Unit.Tests\DownWithTheTodoList.Ms.Tasks.Unit.Tests.csproj", "{05AB60DC-FD2C-48BC-9D13-58649D2690B6}"
EndProject
Project("{9A19103F-16F7-4668-BE54-9A1E7A4F7556}") = "DownWithTheTodoList.Ms.Blocks.Unit.Tests", "DownWithTheTodoList.Ms.Blocks.Unit.Tests\DownWithTheTodoList.Ms.Blocks.Unit.Tests.csproj", "{CA5BCF6F-F2EE-4428-95D9-81B4A02B83B8}"
EndProject
Project("{2150E333-8FDC-42A3-9474-1A3956D46DE8}") = "Apis", "Apis", "{DE69AC2B-7995-4CD5-AA50-1C19A9C82171}"
EndProject
Project("{2150E333-8FDC-42A3-9474-1A3956D46DE8}") = "Front", "Front", "{4A971550-148B-4E0C-87BB-9A25B896363B}"
EndProject
Project("{9A19103F-16F7-4668-BE54-9A1E7A4F7556}") = "DownWithTheTodoList.Ms.Blocks", "DownWithTheTodoList.Ms.Blocks\DownWithTheTodoList.Ms.Blocks.csproj", "{59169EA8-1BCE-4AD1-8150-3CDCC075B13B}"
EndProject
Project("{9A19103F-16F7-4668-BE54-9A1E7A4F7556}") = "DownWithTheTodoList.Ms.Tasks", "DownWithTheTodoList.Ms.Tasks\DownWithTheTodoList.Ms.Tasks.csproj", "{3EE9D518-B4D2-499C-A07B-0ED98833186E}"
EndProject
Project("{9A19103F-16F7-4668-BE54-9A1E7A4F7556}") = "DownWithTheTodoList.Front.Web", "DownWithTheTodoList.Front.Web\DownWithTheTodoList.Front.Web.csproj", "{CBE71CD8-6A4A-4C3F-A324-8FAE046A549D}"
EndProject
Project("{E53339B2-1760-4266-BCC7-CA923CBCF16C}") = "docker-compose", "docker-compose.dcproj", "{1BEF4B91-3B23-4679-A389-64165C1AB5A6}"
EndProject
Project("{2150E333-8FDC-42A3-9474-1A3956D46DE8}") = "SQLScripts", "SQLScripts", "{9BA5C571-F188-4DB1-AAFA-34A334F813E4}"
	ProjectSection(SolutionItems) = preProject
		SQLScripts\blocks_init_script.sql = SQLScripts\blocks_init_script.sql
		SQLScripts\tasks_init_script.sql = SQLScripts\tasks_init_script.sql
		SQLScripts\users_init_script.sql = SQLScripts\users_init_script.sql
	EndProjectSection
EndProject
Project("{FAE04EC0-301F-11D3-BF4B-00C04F79EFBC}") = "DownWithTheTodoList.Ms.Users", "DownWithTheTodoList.Ms.Users\DownWithTheTodoList.Ms.Users.csproj", "{F8ACEBE8-3F75-412F-AE29-5148A50A27F9}"
EndProject
Project("{FAE04EC0-301F-11D3-BF4B-00C04F79EFBC}") = "DownWithTheTodoList.Ms.Users.Unit.Tests", "..\DownWithTheTodoList.Ms.Users.Unit.Tests\DownWithTheTodoList.Ms.Users.Unit.Tests.csproj", "{644F0B36-0562-4520-8AAB-2A3B946756FC}"
EndProject
Global
	GlobalSection(SolutionConfigurationPlatforms) = preSolution
		Debug|Any CPU = Debug|Any CPU
		NoVariablesDefault|Any CPU = NoVariablesDefault|Any CPU
		Release|Any CPU = Release|Any CPU
	EndGlobalSection
	GlobalSection(ProjectConfigurationPlatforms) = postSolution
		{D2287DF1-0673-4F8F-BFF0-31DB87C2AA94}.Debug|Any CPU.ActiveCfg = Debug|Any CPU
		{D2287DF1-0673-4F8F-BFF0-31DB87C2AA94}.Debug|Any CPU.Build.0 = Debug|Any CPU
		{D2287DF1-0673-4F8F-BFF0-31DB87C2AA94}.NoVariablesDefault|Any CPU.ActiveCfg = Release|Any CPU
		{D2287DF1-0673-4F8F-BFF0-31DB87C2AA94}.NoVariablesDefault|Any CPU.Build.0 = Release|Any CPU
		{D2287DF1-0673-4F8F-BFF0-31DB87C2AA94}.Release|Any CPU.ActiveCfg = Release|Any CPU
		{D2287DF1-0673-4F8F-BFF0-31DB87C2AA94}.Release|Any CPU.Build.0 = Release|Any CPU
		{05AB60DC-FD2C-48BC-9D13-58649D2690B6}.Debug|Any CPU.ActiveCfg = Debug|Any CPU
		{05AB60DC-FD2C-48BC-9D13-58649D2690B6}.Debug|Any CPU.Build.0 = Debug|Any CPU
		{05AB60DC-FD2C-48BC-9D13-58649D2690B6}.NoVariablesDefault|Any CPU.ActiveCfg = Release|Any CPU
		{05AB60DC-FD2C-48BC-9D13-58649D2690B6}.NoVariablesDefault|Any CPU.Build.0 = Release|Any CPU
		{05AB60DC-FD2C-48BC-9D13-58649D2690B6}.Release|Any CPU.ActiveCfg = Release|Any CPU
		{05AB60DC-FD2C-48BC-9D13-58649D2690B6}.Release|Any CPU.Build.0 = Release|Any CPU
		{CA5BCF6F-F2EE-4428-95D9-81B4A02B83B8}.Debug|Any CPU.ActiveCfg = Debug|Any CPU
		{CA5BCF6F-F2EE-4428-95D9-81B4A02B83B8}.Debug|Any CPU.Build.0 = Debug|Any CPU
		{CA5BCF6F-F2EE-4428-95D9-81B4A02B83B8}.NoVariablesDefault|Any CPU.ActiveCfg = Release|Any CPU
		{CA5BCF6F-F2EE-4428-95D9-81B4A02B83B8}.NoVariablesDefault|Any CPU.Build.0 = Release|Any CPU
		{CA5BCF6F-F2EE-4428-95D9-81B4A02B83B8}.Release|Any CPU.ActiveCfg = Release|Any CPU
		{CA5BCF6F-F2EE-4428-95D9-81B4A02B83B8}.Release|Any CPU.Build.0 = Release|Any CPU
		{59169EA8-1BCE-4AD1-8150-3CDCC075B13B}.Debug|Any CPU.ActiveCfg = Debug|Any CPU
		{59169EA8-1BCE-4AD1-8150-3CDCC075B13B}.Debug|Any CPU.Build.0 = Debug|Any CPU
		{59169EA8-1BCE-4AD1-8150-3CDCC075B13B}.NoVariablesDefault|Any CPU.ActiveCfg = Debug|Any CPU
		{59169EA8-1BCE-4AD1-8150-3CDCC075B13B}.NoVariablesDefault|Any CPU.Build.0 = Debug|Any CPU
		{59169EA8-1BCE-4AD1-8150-3CDCC075B13B}.Release|Any CPU.ActiveCfg = Release|Any CPU
		{59169EA8-1BCE-4AD1-8150-3CDCC075B13B}.Release|Any CPU.Build.0 = Release|Any CPU
		{3EE9D518-B4D2-499C-A07B-0ED98833186E}.Debug|Any CPU.ActiveCfg = Debug|Any CPU
		{3EE9D518-B4D2-499C-A07B-0ED98833186E}.Debug|Any CPU.Build.0 = Debug|Any CPU
		{3EE9D518-B4D2-499C-A07B-0ED98833186E}.NoVariablesDefault|Any CPU.ActiveCfg = Debug|Any CPU
		{3EE9D518-B4D2-499C-A07B-0ED98833186E}.NoVariablesDefault|Any CPU.Build.0 = Debug|Any CPU
		{3EE9D518-B4D2-499C-A07B-0ED98833186E}.Release|Any CPU.ActiveCfg = Release|Any CPU
		{3EE9D518-B4D2-499C-A07B-0ED98833186E}.Release|Any CPU.Build.0 = Release|Any CPU
		{CBE71CD8-6A4A-4C3F-A324-8FAE046A549D}.Debug|Any CPU.ActiveCfg = Debug|Any CPU
		{CBE71CD8-6A4A-4C3F-A324-8FAE046A549D}.Debug|Any CPU.Build.0 = Debug|Any CPU
		{CBE71CD8-6A4A-4C3F-A324-8FAE046A549D}.NoVariablesDefault|Any CPU.ActiveCfg = Debug|Any CPU
		{CBE71CD8-6A4A-4C3F-A324-8FAE046A549D}.NoVariablesDefault|Any CPU.Build.0 = Debug|Any CPU
		{CBE71CD8-6A4A-4C3F-A324-8FAE046A549D}.Release|Any CPU.ActiveCfg = Release|Any CPU
		{CBE71CD8-6A4A-4C3F-A324-8FAE046A549D}.Release|Any CPU.Build.0 = Release|Any CPU
		{1BEF4B91-3B23-4679-A389-64165C1AB5A6}.Debug|Any CPU.ActiveCfg = Debug|Any CPU
		{1BEF4B91-3B23-4679-A389-64165C1AB5A6}.Debug|Any CPU.Build.0 = Debug|Any CPU
		{1BEF4B91-3B23-4679-A389-64165C1AB5A6}.NoVariablesDefault|Any CPU.ActiveCfg = Release|Any CPU
		{1BEF4B91-3B23-4679-A389-64165C1AB5A6}.NoVariablesDefault|Any CPU.Build.0 = Release|Any CPU
		{1BEF4B91-3B23-4679-A389-64165C1AB5A6}.Release|Any CPU.ActiveCfg = Release|Any CPU
		{1BEF4B91-3B23-4679-A389-64165C1AB5A6}.Release|Any CPU.Build.0 = Release|Any CPU
		{F8ACEBE8-3F75-412F-AE29-5148A50A27F9}.Debug|Any CPU.ActiveCfg = Debug|Any CPU
		{F8ACEBE8-3F75-412F-AE29-5148A50A27F9}.Debug|Any CPU.Build.0 = Debug|Any CPU
		{F8ACEBE8-3F75-412F-AE29-5148A50A27F9}.NoVariablesDefault|Any CPU.ActiveCfg = Debug|Any CPU
		{F8ACEBE8-3F75-412F-AE29-5148A50A27F9}.NoVariablesDefault|Any CPU.Build.0 = Debug|Any CPU
		{F8ACEBE8-3F75-412F-AE29-5148A50A27F9}.Release|Any CPU.ActiveCfg = Release|Any CPU
		{F8ACEBE8-3F75-412F-AE29-5148A50A27F9}.Release|Any CPU.Build.0 = Release|Any CPU
		{644F0B36-0562-4520-8AAB-2A3B946756FC}.Debug|Any CPU.ActiveCfg = Debug|Any CPU
		{644F0B36-0562-4520-8AAB-2A3B946756FC}.Debug|Any CPU.Build.0 = Debug|Any CPU
		{644F0B36-0562-4520-8AAB-2A3B946756FC}.NoVariablesDefault|Any CPU.ActiveCfg = Debug|Any CPU
		{644F0B36-0562-4520-8AAB-2A3B946756FC}.NoVariablesDefault|Any CPU.Build.0 = Debug|Any CPU
		{644F0B36-0562-4520-8AAB-2A3B946756FC}.Release|Any CPU.ActiveCfg = Release|Any CPU
		{644F0B36-0562-4520-8AAB-2A3B946756FC}.Release|Any CPU.Build.0 = Release|Any CPU
	EndGlobalSection
	GlobalSection(SolutionProperties) = preSolution
		HideSolutionNode = FALSE
	EndGlobalSection
	GlobalSection(NestedProjects) = preSolution
		{05AB60DC-FD2C-48BC-9D13-58649D2690B6} = {9ECA0C7C-6E55-45A9-88EF-C9B7BC8BED0D}
		{CA5BCF6F-F2EE-4428-95D9-81B4A02B83B8} = {9ECA0C7C-6E55-45A9-88EF-C9B7BC8BED0D}
		{59169EA8-1BCE-4AD1-8150-3CDCC075B13B} = {DE69AC2B-7995-4CD5-AA50-1C19A9C82171}
		{3EE9D518-B4D2-499C-A07B-0ED98833186E} = {DE69AC2B-7995-4CD5-AA50-1C19A9C82171}
		{CBE71CD8-6A4A-4C3F-A324-8FAE046A549D} = {4A971550-148B-4E0C-87BB-9A25B896363B}
		{F8ACEBE8-3F75-412F-AE29-5148A50A27F9} = {DE69AC2B-7995-4CD5-AA50-1C19A9C82171}
		{644F0B36-0562-4520-8AAB-2A3B946756FC} = {9ECA0C7C-6E55-45A9-88EF-C9B7BC8BED0D}
	EndGlobalSection
	GlobalSection(ExtensibilityGlobals) = postSolution
		SolutionGuid = {B86CF885-7BFA-4DD1-8920-02ED18464876}
	EndGlobalSection
EndGlobal
